
Microsoft Visual Studio Solution File, Format Version 11.00
# Visual Studio 2010
Project("{FAE04EC0-301F-11D3-BF4B-00C04F79EFBC}") = "RAI.Modelos", "Modelos\RAI.Modelos.csproj", "{47D96105-6B5C-44E0-9BBC-B3C7B8DB439A}"
EndProject
Global
	GlobalSection(SolutionConfigurationPlatforms) = preSolution
		Debug|Any CPU = Debug|Any CPU
		Release|Any CPU = Release|Any CPU
	EndGlobalSection
	GlobalSection(ProjectConfigurationPlatforms) = postSolution
		{47D96105-6B5C-44E0-9BBC-B3C7B8DB439A}.Debug|Any CPU.ActiveCfg = Debug|Any CPU
		{47D96105-6B5C-44E0-9BBC-B3C7B8DB439A}.Debug|Any CPU.Build.0 = Debug|Any CPU
		{47D96105-6B5C-44E0-9BBC-B3C7B8DB439A}.Release|Any CPU.ActiveCfg = Release|Any CPU
		{47D96105-6B5C-44E0-9BBC-B3C7B8DB439A}.Release|Any CPU.Build.0 = Release|Any CPU
	EndGlobalSection
	GlobalSection(SolutionProperties) = preSolution
		HideSolutionNode = FALSE
	EndGlobalSection
	GlobalSection(MonoDevelopProperties) = preSolution
		StartupItem = Modelos\RAI.Modelos.csproj
	EndGlobalSection
EndGlobal
